// !$*UTF8*$!
{
	archiveVersion = 1;
	classes = {
	};
	objectVersion = 55;
	objects = {

/* Begin PBXBuildFile section */
		B602B57E0D93738F85D18C76 /* Pods_HelloRxswift.framework in Frameworks */ = {isa = PBXBuildFile; fileRef = E972A1DE921992E2A1672D64 /* Pods_HelloRxswift.framework */; };
		F06319AE27ECDB9700F27FBD /* AppDelegate.swift in Sources */ = {isa = PBXBuildFile; fileRef = F06319AD27ECDB9700F27FBD /* AppDelegate.swift */; };
		F06319B027ECDB9700F27FBD /* SceneDelegate.swift in Sources */ = {isa = PBXBuildFile; fileRef = F06319AF27ECDB9700F27FBD /* SceneDelegate.swift */; };
		F06319B227ECDB9700F27FBD /* ViewController.swift in Sources */ = {isa = PBXBuildFile; fileRef = F06319B127ECDB9700F27FBD /* ViewController.swift */; };
		F06319B527ECDB9700F27FBD /* Main.storyboard in Resources */ = {isa = PBXBuildFile; fileRef = F06319B327ECDB9700F27FBD /* Main.storyboard */; };
		F06319B727ECDB9900F27FBD /* Assets.xcassets in Resources */ = {isa = PBXBuildFile; fileRef = F06319B627ECDB9900F27FBD /* Assets.xcassets */; };
		F06319BA27ECDB9900F27FBD /* LaunchScreen.storyboard in Resources */ = {isa = PBXBuildFile; fileRef = F06319B827ECDB9900F27FBD /* LaunchScreen.storyboard */; };
		F06319C327EE315100F27FBD /* PhotoCollectionViewController.swift in Sources */ = {isa = PBXBuildFile; fileRef = F06319C227EE315100F27FBD /* PhotoCollectionViewController.swift */; };
		F06319C527EE390800F27FBD /* PhotoCell.swift in Sources */ = {isa = PBXBuildFile; fileRef = F06319C427EE390800F27FBD /* PhotoCell.swift */; };
		F06319C727EEF11100F27FBD /* FilterService.swift in Sources */ = {isa = PBXBuildFile; fileRef = F06319C627EEF11100F27FBD /* FilterService.swift */; };
/* End PBXBuildFile section */

/* Begin PBXFileReference section */
		A5B83313113C888EA2F5D82F /* Pods-HelloRxswift.debug.xcconfig */ = {isa = PBXFileReference; includeInIndex = 1; lastKnownFileType = text.xcconfig; name = "Pods-HelloRxswift.debug.xcconfig"; path = "Target Support Files/Pods-HelloRxswift/Pods-HelloRxswift.debug.xcconfig"; sourceTree = "<group>"; };
		B9F4B97E7D63DF5581FD810A /* Pods-HelloRxswift.release.xcconfig */ = {isa = PBXFileReference; includeInIndex = 1; lastKnownFileType = text.xcconfig; name = "Pods-HelloRxswift.release.xcconfig"; path = "Target Support Files/Pods-HelloRxswift/Pods-HelloRxswift.release.xcconfig"; sourceTree = "<group>"; };
		E972A1DE921992E2A1672D64 /* Pods_HelloRxswift.framework */ = {isa = PBXFileReference; explicitFileType = wrapper.framework; includeInIndex = 0; path = Pods_HelloRxswift.framework; sourceTree = BUILT_PRODUCTS_DIR; };
		F06319AA27ECDB9700F27FBD /* HelloRxswift.app */ = {isa = PBXFileReference; explicitFileType = wrapper.application; includeInIndex = 0; path = HelloRxswift.app; sourceTree = BUILT_PRODUCTS_DIR; };
		F06319AD27ECDB9700F27FBD /* AppDelegate.swift */ = {isa = PBXFileReference; lastKnownFileType = sourcecode.swift; path = AppDelegate.swift; sourceTree = "<group>"; };
		F06319AF27ECDB9700F27FBD /* SceneDelegate.swift */ = {isa = PBXFileReference; lastKnownFileType = sourcecode.swift; path = SceneDelegate.swift; sourceTree = "<group>"; };
		F06319B127ECDB9700F27FBD /* ViewController.swift */ = {isa = PBXFileReference; lastKnownFileType = sourcecode.swift; path = ViewController.swift; sourceTree = "<group>"; };
		F06319B427ECDB9700F27FBD /* Base */ = {isa = PBXFileReference; lastKnownFileType = file.storyboard; name = Base; path = Base.lproj/Main.storyboard; sourceTree = "<group>"; };
		F06319B627ECDB9900F27FBD /* Assets.xcassets */ = {isa = PBXFileReference; lastKnownFileType = folder.assetcatalog; path = Assets.xcassets; sourceTree = "<group>"; };
		F06319B927ECDB9900F27FBD /* Base */ = {isa = PBXFileReference; lastKnownFileType = file.storyboard; name = Base; path = Base.lproj/LaunchScreen.storyboard; sourceTree = "<group>"; };
		F06319BB27ECDB9900F27FBD /* Info.plist */ = {isa = PBXFileReference; lastKnownFileType = text.plist.xml; path = Info.plist; sourceTree = "<group>"; };
		F06319C127ECDE2600F27FBD /* RxswiftPG.playground */ = {isa = PBXFileReference; lastKnownFileType = file.playground; path = RxswiftPG.playground; sourceTree = "<group>"; xcLanguageSpecificationIdentifier = xcode.lang.swift; };
		F06319C227EE315100F27FBD /* PhotoCollectionViewController.swift */ = {isa = PBXFileReference; lastKnownFileType = sourcecode.swift; path = PhotoCollectionViewController.swift; sourceTree = "<group>"; };
		F06319C427EE390800F27FBD /* PhotoCell.swift */ = {isa = PBXFileReference; lastKnownFileType = sourcecode.swift; path = PhotoCell.swift; sourceTree = "<group>"; };
		F06319C627EEF11100F27FBD /* FilterService.swift */ = {isa = PBXFileReference; lastKnownFileType = sourcecode.swift; path = FilterService.swift; sourceTree = "<group>"; };
		F06319C827EF2D8E00F27FBD /* Rxswift2PF.playground */ = {isa = PBXFileReference; lastKnownFileType = file.playground; path = Rxswift2PF.playground; sourceTree = "<group>"; xcLanguageSpecificationIdentifier = xcode.lang.swift; };
/* End PBXFileReference section */

/* Begin PBXFrameworksBuildPhase section */
		F06319A727ECDB9700F27FBD /* Frameworks */ = {
			isa = PBXFrameworksBuildPhase;
			buildActionMask = 2147483647;
			files = (
				B602B57E0D93738F85D18C76 /* Pods_HelloRxswift.framework in Frameworks */,
			);
			runOnlyForDeploymentPostprocessing = 0;
		};
/* End PBXFrameworksBuildPhase section */

/* Begin PBXGroup section */
		1F298A08CB83BFCBE0666C1A /* Pods */ = {
			isa = PBXGroup;
			children = (
				A5B83313113C888EA2F5D82F /* Pods-HelloRxswift.debug.xcconfig */,
				B9F4B97E7D63DF5581FD810A /* Pods-HelloRxswift.release.xcconfig */,
			);
			path = Pods;
			sourceTree = "<group>";
		};
		8B2CF889244B5A61253779B6 /* Frameworks */ = {
			isa = PBXGroup;
			children = (
				E972A1DE921992E2A1672D64 /* Pods_HelloRxswift.framework */,
			);
			name = Frameworks;
			sourceTree = "<group>";
		};
		F06319A127ECDB9700F27FBD = {
			isa = PBXGroup;
			children = (
				F06319AC27ECDB9700F27FBD /* HelloRxswift */,
				F06319AB27ECDB9700F27FBD /* Products */,
				1F298A08CB83BFCBE0666C1A /* Pods */,
				8B2CF889244B5A61253779B6 /* Frameworks */,
			);
			sourceTree = "<group>";
		};
		F06319AB27ECDB9700F27FBD /* Products */ = {
			isa = PBXGroup;
			children = (
				F06319AA27ECDB9700F27FBD /* HelloRxswift.app */,
			);
			name = Products;
			sourceTree = "<group>";
		};
		F06319AC27ECDB9700F27FBD /* HelloRxswift */ = {
			isa = PBXGroup;
			children = (
				F06319C827EF2D8E00F27FBD /* Rxswift2PF.playground */,
				F06319C127ECDE2600F27FBD /* RxswiftPG.playground */,
				F06319AD27ECDB9700F27FBD /* AppDelegate.swift */,
				F06319AF27ECDB9700F27FBD /* SceneDelegate.swift */,
				F06319B127ECDB9700F27FBD /* ViewController.swift */,
				F06319B327ECDB9700F27FBD /* Main.storyboard */,
				F06319B627ECDB9900F27FBD /* Assets.xcassets */,
				F06319B827ECDB9900F27FBD /* LaunchScreen.storyboard */,
				F06319BB27ECDB9900F27FBD /* Info.plist */,
				F06319C227EE315100F27FBD /* PhotoCollectionViewController.swift */,
				F06319C427EE390800F27FBD /* PhotoCell.swift */,
				F06319C627EEF11100F27FBD /* FilterService.swift */,
			);
			path = HelloRxswift;
			sourceTree = "<group>";
		};
/* End PBXGroup section */

/* Begin PBXNativeTarget section */
		F06319A927ECDB9700F27FBD /* HelloRxswift */ = {
			isa = PBXNativeTarget;
			buildConfigurationList = F06319BE27ECDB9900F27FBD /* Build configuration list for PBXNativeTarget "HelloRxswift" */;
			buildPhases = (
				D2E8D2C76B0EAD9C48766495 /* [CP] Check Pods Manifest.lock */,
				F06319A627ECDB9700F27FBD /* Sources */,
				F06319A727ECDB9700F27FBD /* Frameworks */,
				F06319A827ECDB9700F27FBD /* Resources */,
				29F8957BF8238C678767CD0F /* [CP] Embed Pods Frameworks */,
			);
			buildRules = (
			);
			dependencies = (
			);
			name = HelloRxswift;
			productName = HelloRxswift;
			productReference = F06319AA27ECDB9700F27FBD /* HelloRxswift.app */;
			productType = "com.apple.product-type.application";
		};
/* End PBXNativeTarget section */

/* Begin PBXProject section */
		F06319A227ECDB9700F27FBD /* Project object */ = {
			isa = PBXProject;
			attributes = {
				BuildIndependentTargetsInParallel = 1;
				LastSwiftUpdateCheck = 1330;
				LastUpgradeCheck = 1330;
				TargetAttributes = {
					F06319A927ECDB9700F27FBD = {
						CreatedOnToolsVersion = 13.3;
					};
				};
			};
			buildConfigurationList = F06319A527ECDB9700F27FBD /* Build configuration list for PBXProject "HelloRxswift" */;
			compatibilityVersion = "Xcode 13.0";
			developmentRegion = en;
			hasScannedForEncodings = 0;
			knownRegions = (
				en,
				Base,
			);
			mainGroup = F06319A127ECDB9700F27FBD;
			productRefGroup = F06319AB27ECDB9700F27FBD /* Products */;
			projectDirPath = "";
			projectRoot = "";
			targets = (
				F06319A927ECDB9700F27FBD /* HelloRxswift */,
			);
		};
/* End PBXProject section */

/* Begin PBXResourcesBuildPhase section */
		F06319A827ECDB9700F27FBD /* Resources */ = {
			isa = PBXResourcesBuildPhase;
			buildActionMask = 2147483647;
			files = (
				F06319BA27ECDB9900F27FBD /* LaunchScreen.storyboard in Resources */,
				F06319B727ECDB9900F27FBD /* Assets.xcassets in Resources */,
				F06319B527ECDB9700F27FBD /* Main.storyboard in Resources */,
			);
			runOnlyForDeploymentPostprocessing = 0;
		};
/* End PBXResourcesBuildPhase section */

/* Begin PBXShellScriptBuildPhase section */
		29F8957BF8238C678767CD0F /* [CP] Embed Pods Frameworks */ = {
			isa = PBXShellScriptBuildPhase;
			buildActionMask = 2147483647;
			files = (
			);
			inputFileListPaths = (
				"${PODS_ROOT}/Target Support Files/Pods-HelloRxswift/Pods-HelloRxswift-frameworks-${CONFIGURATION}-input-files.xcfilelist",
			);
			name = "[CP] Embed Pods Frameworks";
			outputFileListPaths = (
				"${PODS_ROOT}/Target Support Files/Pods-HelloRxswift/Pods-HelloRxswift-frameworks-${CONFIGURATION}-output-files.xcfilelist",
			);
			runOnlyForDeploymentPostprocessing = 0;
			shellPath = /bin/sh;
			shellScript = "\"${PODS_ROOT}/Target Support Files/Pods-HelloRxswift/Pods-HelloRxswift-frameworks.sh\"\n";
			showEnvVarsInLog = 0;
		};
		D2E8D2C76B0EAD9C48766495 /* [CP] Check Pods Manifest.lock */ = {
			isa = PBXShellScriptBuildPhase;
			buildActionMask = 2147483647;
			files = (
			);
			inputFileListPaths = (
			);
			inputPaths = (
				"${PODS_PODFILE_DIR_PATH}/Podfile.lock",
				"${PODS_ROOT}/Manifest.lock",
			);
			name = "[CP] Check Pods Manifest.lock";
			outputFileListPaths = (
			);
			outputPaths = (
				"$(DERIVED_FILE_DIR)/Pods-HelloRxswift-checkManifestLockResult.txt",
			);
			runOnlyForDeploymentPostprocessing = 0;
			shellPath = /bin/sh;
			shellScript = "diff \"${PODS_PODFILE_DIR_PATH}/Podfile.lock\" \"${PODS_ROOT}/Manifest.lock\" > /dev/null\nif [ $? != 0 ] ; then\n    # print error to STDERR\n    echo \"error: The sandbox is not in sync with the Podfile.lock. Run 'pod install' or update your CocoaPods installation.\" >&2\n    exit 1\nfi\n# This output is used by Xcode 'outputs' to avoid re-running this script phase.\necho \"SUCCESS\" > \"${SCRIPT_OUTPUT_FILE_0}\"\n";
			showEnvVarsInLog = 0;
		};
/* End PBXShellScriptBuildPhase section */

/* Begin PBXSourcesBuildPhase section */
		F06319A627ECDB9700F27FBD /* Sources */ = {
			isa = PBXSourcesBuildPhase;
			buildActionMask = 2147483647;
			files = (
				F06319B227ECDB9700F27FBD /* ViewController.swift in Sources */,
				F06319C527EE390800F27FBD /* PhotoCell.swift in Sources */,
				F06319AE27ECDB9700F27FBD /* AppDelegate.swift in Sources */,
				F06319C727EEF11100F27FBD /* FilterService.swift in Sources */,
				F06319B027ECDB9700F27FBD /* SceneDelegate.swift in Sources */,
				F06319C327EE315100F27FBD /* PhotoCollectionViewController.swift in Sources */,
			);
			runOnlyForDeploymentPostprocessing = 0;
		};
/* End PBXSourcesBuildPhase section */

/* Begin PBXVariantGroup section */
		F06319B327ECDB9700F27FBD /* Main.storyboard */ = {
			isa = PBXVariantGroup;
			children = (
				F06319B427ECDB9700F27FBD /* Base */,
			);
			name = Main.storyboard;
			sourceTree = "<group>";
		};
		F06319B827ECDB9900F27FBD /* LaunchScreen.storyboard */ = {
			isa = PBXVariantGroup;
			children = (
				F06319B927ECDB9900F27FBD /* Base */,
			);
			name = LaunchScreen.storyboard;
			sourceTree = "<group>";
		};
/* End PBXVariantGroup section */

/* Begin XCBuildConfiguration section */
		F06319BC27ECDB9900F27FBD /* Debug */ = {
			isa = XCBuildConfiguration;
			buildSettings = {
				ALWAYS_SEARCH_USER_PATHS = NO;
				CLANG_ANALYZER_NONNULL = YES;
				CLANG_ANALYZER_NUMBER_OBJECT_CONVERSION = YES_AGGRESSIVE;
				CLANG_CXX_LANGUAGE_STANDARD = "gnu++17";
				CLANG_ENABLE_MODULES = YES;
				CLANG_ENABLE_OBJC_ARC = YES;
				CLANG_ENABLE_OBJC_WEAK = YES;
				CLANG_WARN_BLOCK_CAPTURE_AUTORELEASING = YES;
				CLANG_WARN_BOOL_CONVERSION = YES;
				CLANG_WARN_COMMA = YES;
				CLANG_WARN_CONSTANT_CONVERSION = YES;
				CLANG_WARN_DEPRECATED_OBJC_IMPLEMENTATIONS = YES;
				CLANG_WARN_DIRECT_OBJC_ISA_USAGE = YES_ERROR;
				CLANG_WARN_DOCUMENTATION_COMMENTS = YES;
				CLANG_WARN_EMPTY_BODY = YES;
				CLANG_WARN_ENUM_CONVERSION = YES;
				CLANG_WARN_INFINITE_RECURSION = YES;
				CLANG_WARN_INT_CONVERSION = YES;
				CLANG_WARN_NON_LITERAL_NULL_CONVERSION = YES;
				CLANG_WARN_OBJC_IMPLICIT_RETAIN_SELF = YES;
				CLANG_WARN_OBJC_LITERAL_CONVERSION = YES;
				CLANG_WARN_OBJC_ROOT_CLASS = YES_ERROR;
				CLANG_WARN_QUOTED_INCLUDE_IN_FRAMEWORK_HEADER = YES;
				CLANG_WARN_RANGE_LOOP_ANALYSIS = YES;
				CLANG_WARN_STRICT_PROTOTYPES = YES;
				CLANG_WARN_SUSPICIOUS_MOVE = YES;
				CLANG_WARN_UNGUARDED_AVAILABILITY = YES_AGGRESSIVE;
				CLANG_WARN_UNREACHABLE_CODE = YES;
				CLANG_WARN__DUPLICATE_METHOD_MATCH = YES;
				COPY_PHASE_STRIP = NO;
				DEBUG_INFORMATION_FORMAT = dwarf;
				ENABLE_STRICT_OBJC_MSGSEND = YES;
				ENABLE_TESTABILITY = YES;
				GCC_C_LANGUAGE_STANDARD = gnu11;
				GCC_DYNAMIC_NO_PIC = NO;
				GCC_NO_COMMON_BLOCKS = YES;
				GCC_OPTIMIZATION_LEVEL = 0;
				GCC_PREPROCESSOR_DEFINITIONS = (
					"DEBUG=1",
					"$(inherited)",
				);
				GCC_WARN_64_TO_32_BIT_CONVERSION = YES;
				GCC_WARN_ABOUT_RETURN_TYPE = YES_ERROR;
				GCC_WARN_UNDECLARED_SELECTOR = YES;
				GCC_WARN_UNINITIALIZED_AUTOS = YES_AGGRESSIVE;
				GCC_WARN_UNUSED_FUNCTION = YES;
				GCC_WARN_UNUSED_VARIABLE = YES;
				IPHONEOS_DEPLOYMENT_TARGET = 15.4;
				MTL_ENABLE_DEBUG_INFO = INCLUDE_SOURCE;
				MTL_FAST_MATH = YES;
				ONLY_ACTIVE_ARCH = YES;
				SDKROOT = iphoneos;
				SWIFT_ACTIVE_COMPILATION_CONDITIONS = DEBUG;
				SWIFT_OPTIMIZATION_LEVEL = "-Onone";
			};
			name = Debug;
		};
		F06319BD27ECDB9900F27FBD /* Release */ = {
			isa = XCBuildConfiguration;
			buildSettings = {
				ALWAYS_SEARCH_USER_PATHS = NO;
				CLANG_ANALYZER_NONNULL = YES;
				CLANG_ANALYZER_NUMBER_OBJECT_CONVERSION = YES_AGGRESSIVE;
				CLANG_CXX_LANGUAGE_STANDARD = "gnu++17";
				CLANG_ENABLE_MODULES = YES;
				CLANG_ENABLE_OBJC_ARC = YES;
				CLANG_ENABLE_OBJC_WEAK = YES;
				CLANG_WARN_BLOCK_CAPTURE_AUTORELEASING = YES;
				CLANG_WARN_BOOL_CONVERSION = YES;
				CLANG_WARN_COMMA = YES;
				CLANG_WARN_CONSTANT_CONVERSION = YES;
				CLANG_WARN_DEPRECATED_OBJC_IMPLEMENTATIONS = YES;
				CLANG_WARN_DIRECT_OBJC_ISA_USAGE = YES_ERROR;
				CLANG_WARN_DOCUMENTATION_COMMENTS = YES;
				CLANG_WARN_EMPTY_BODY = YES;
				CLANG_WARN_ENUM_CONVERSION = YES;
				CLANG_WARN_INFINITE_RECURSION = YES;
				CLANG_WARN_INT_CONVERSION = YES;
				CLANG_WARN_NON_LITERAL_NULL_CONVERSION = YES;
				CLANG_WARN_OBJC_IMPLICIT_RETAIN_SELF = YES;
				CLANG_WARN_OBJC_LITERAL_CONVERSION = YES;
				CLANG_WARN_OBJC_ROOT_CLASS = YES_ERROR;
				CLANG_WARN_QUOTED_INCLUDE_IN_FRAMEWORK_HEADER = YES;
				CLANG_WARN_RANGE_LOOP_ANALYSIS = YES;
				CLANG_WARN_STRICT_PROTOTYPES = YES;
				CLANG_WARN_SUSPICIOUS_MOVE = YES;
				CLANG_WARN_UNGUARDED_AVAILABILITY = YES_AGGRESSIVE;
				CLANG_WARN_UNREACHABLE_CODE = YES;
				CLANG_WARN__DUPLICATE_METHOD_MATCH = YES;
				COPY_PHASE_STRIP = NO;
				DEBUG_INFORMATION_FORMAT = "dwarf-with-dsym";
				ENABLE_NS_ASSERTIONS = NO;
				ENABLE_STRICT_OBJC_MSGSEND = YES;
				GCC_C_LANGUAGE_STANDARD = gnu11;
				GCC_NO_COMMON_BLOCKS = YES;
				GCC_WARN_64_TO_32_BIT_CONVERSION = YES;
				GCC_WARN_ABOUT_RETURN_TYPE = YES_ERROR;
				GCC_WARN_UNDECLARED_SELECTOR = YES;
				GCC_WARN_UNINITIALIZED_AUTOS = YES_AGGRESSIVE;
				GCC_WARN_UNUSED_FUNCTION = YES;
				GCC_WARN_UNUSED_VARIABLE = YES;
				IPHONEOS_DEPLOYMENT_TARGET = 15.4;
				MTL_ENABLE_DEBUG_INFO = NO;
				MTL_FAST_MATH = YES;
				SDKROOT = iphoneos;
				SWIFT_COMPILATION_MODE = wholemodule;
				SWIFT_OPTIMIZATION_LEVEL = "-O";
				VALIDATE_PRODUCT = YES;
			};
			name = Release;
		};
		F06319BF27ECDB9900F27FBD /* Debug */ = {
			isa = XCBuildConfiguration;
			baseConfigurationReference = A5B83313113C888EA2F5D82F /* Pods-HelloRxswift.debug.xcconfig */;
			buildSettings = {
				ASSETCATALOG_COMPILER_APPICON_NAME = AppIcon;
				ASSETCATALOG_COMPILER_GLOBAL_ACCENT_COLOR_NAME = AccentColor;
				CODE_SIGN_STYLE = Automatic;
				CURRENT_PROJECT_VERSION = 1;
				DEVELOPMENT_TEAM = ACU8AXMR55;
				GENERATE_INFOPLIST_FILE = YES;
				INFOPLIST_FILE = HelloRxswift/Info.plist;
				INFOPLIST_KEY_UIApplicationSupportsIndirectInputEvents = YES;
				INFOPLIST_KEY_UILaunchStoryboardName = LaunchScreen;
				INFOPLIST_KEY_UIMainStoryboardFile = Main;
				INFOPLIST_KEY_UISupportedInterfaceOrientations_iPad = "UIInterfaceOrientationPortrait UIInterfaceOrientationPortraitUpsideDown UIInterfaceOrientationLandscapeLeft UIInterfaceOrientationLandscapeRight";
				INFOPLIST_KEY_UISupportedInterfaceOrientations_iPhone = "UIInterfaceOrientationPortrait UIInterfaceOrientationLandscapeLeft UIInterfaceOrientationLandscapeRight";
				LD_RUNPATH_SEARCH_PATHS = (
					"$(inherited)",
					"@executable_path/Frameworks",
				);
				MARKETING_VERSION = 1.0;
				PRODUCT_BUNDLE_IDENTIFIER = com.dooly.ios.HelloRxswift;
				PRODUCT_NAME = "$(TARGET_NAME)";
				SWIFT_EMIT_LOC_STRINGS = YES;
				SWIFT_VERSION = 5.0;
				TARGETED_DEVICE_FAMILY = "1,2";
			};
			name = Debug;
		};
		F06319C027ECDB9900F27FBD /* Release */ = {
			isa = XCBuildConfiguration;
			baseConfigurationReference = B9F4B97E7D63DF5581FD810A /* Pods-HelloRxswift.release.xcconfig */;
			buildSettings = {
				ASSETCATALOG_COMPILER_APPICON_NAME = AppIcon;
				ASSETCATALOG_COMPILER_GLOBAL_ACCENT_COLOR_NAME = AccentColor;
				CODE_SIGN_STYLE = Automatic;
				CURRENT_PROJECT_VERSION = 1;
				DEVELOPMENT_TEAM = ACU8AXMR55;
				GENERATE_INFOPLIST_FILE = YES;
				INFOPLIST_FILE = HelloRxswift/Info.plist;
				INFOPLIST_KEY_UIApplicationSupportsIndirectInputEvents = YES;
				INFOPLIST_KEY_UILaunchStoryboardName = LaunchScreen;
				INFOPLIST_KEY_UIMainStoryboardFile = Main;
				INFOPLIST_KEY_UISupportedInterfaceOrientations_iPad = "UIInterfaceOrientationPortrait UIInterfaceOrientationPortraitUpsideDown UIInterfaceOrientationLandscapeLeft UIInterfaceOrientationLandscapeRight";
				INFOPLIST_KEY_UISupportedInterfaceOrientations_iPhone = "UIInterfaceOrientationPortrait UIInterfaceOrientationLandscapeLeft UIInterfaceOrientationLandscapeRight";
				LD_RUNPATH_SEARCH_PATHS = (
					"$(inherited)",
					"@executable_path/Frameworks",
				);
				MARKETING_VERSION = 1.0;
				PRODUCT_BUNDLE_IDENTIFIER = com.dooly.ios.HelloRxswift;
				PRODUCT_NAME = "$(TARGET_NAME)";
				SWIFT_EMIT_LOC_STRINGS = YES;
				SWIFT_VERSION = 5.0;
				TARGETED_DEVICE_FAMILY = "1,2";
			};
			name = Release;
		};
/* End XCBuildConfiguration section */

/* Begin XCConfigurationList section */
		F06319A527ECDB9700F27FBD /* Build configuration list for PBXProject "HelloRxswift" */ = {
			isa = XCConfigurationList;
			buildConfigurations = (
				F06319BC27ECDB9900F27FBD /* Debug */,
				F06319BD27ECDB9900F27FBD /* Release */,
			);
			defaultConfigurationIsVisible = 0;
			defaultConfigurationName = Release;
		};
		F06319BE27ECDB9900F27FBD /* Build configuration list for PBXNativeTarget "HelloRxswift" */ = {
			isa = XCConfigurationList;
			buildConfigurations = (
				F06319BF27ECDB9900F27FBD /* Debug */,
				F06319C027ECDB9900F27FBD /* Release */,
			);
			defaultConfigurationIsVisible = 0;
			defaultConfigurationName = Release;
		};
/* End XCConfigurationList section */
	};
	rootObject = F06319A227ECDB9700F27FBD /* Project object */;
}
