// !$*UTF8*$!
{
	archiveVersion = 1;
	classes = {
	};
	objectVersion = 55;
	objects = {

/* Begin PBXBuildFile section */
		24104FE677D91F95163D9AD0 /* Pods_HelloRxswift3.framework in Frameworks */ = {isa = PBXBuildFile; fileRef = 90BDDFFBB700EC5448D51F5C /* Pods_HelloRxswift3.framework */; };
		F06319FE27EF83F700F27FBD /* AppDelegate.swift in Sources */ = {isa = PBXBuildFile; fileRef = F06319FD27EF83F700F27FBD /* AppDelegate.swift */; };
		F0631A0027EF83F700F27FBD /* SceneDelegate.swift in Sources */ = {isa = PBXBuildFile; fileRef = F06319FF27EF83F700F27FBD /* SceneDelegate.swift */; };
		F0631A0527EF83F700F27FBD /* Main.storyboard in Resources */ = {isa = PBXBuildFile; fileRef = F0631A0327EF83F700F27FBD /* Main.storyboard */; };
		F0631A0727EF83F900F27FBD /* Assets.xcassets in Resources */ = {isa = PBXBuildFile; fileRef = F0631A0627EF83F900F27FBD /* Assets.xcassets */; };
		F0631A0A27EF83F900F27FBD /* LaunchScreen.storyboard in Resources */ = {isa = PBXBuildFile; fileRef = F0631A0827EF83F900F27FBD /* LaunchScreen.storyboard */; };
		F0631A1227EF8D0900F27FBD /* NewsTableViewController.swift in Sources */ = {isa = PBXBuildFile; fileRef = F0631A1127EF8D0900F27FBD /* NewsTableViewController.swift */; };
		F0631A1527EF953900F27FBD /* Article.swift in Sources */ = {isa = PBXBuildFile; fileRef = F0631A1427EF953900F27FBD /* Article.swift */; };
		F0631A1727F01B8400F27FBD /* ArticleTVC.swift in Sources */ = {isa = PBXBuildFile; fileRef = F0631A1627F01B8400F27FBD /* ArticleTVC.swift */; };
		F0631A1927F0231D00F27FBD /* URLRequest+Extention.swift in Sources */ = {isa = PBXBuildFile; fileRef = F0631A1827F0231D00F27FBD /* URLRequest+Extention.swift */; };
/* End PBXBuildFile section */

/* Begin PBXFileReference section */
		8AB4CAA630781A29891F7AD7 /* Pods-HelloRxswift3.release.xcconfig */ = {isa = PBXFileReference; includeInIndex = 1; lastKnownFileType = text.xcconfig; name = "Pods-HelloRxswift3.release.xcconfig"; path = "Target Support Files/Pods-HelloRxswift3/Pods-HelloRxswift3.release.xcconfig"; sourceTree = "<group>"; };
		90BDDFFBB700EC5448D51F5C /* Pods_HelloRxswift3.framework */ = {isa = PBXFileReference; explicitFileType = wrapper.framework; includeInIndex = 0; path = Pods_HelloRxswift3.framework; sourceTree = BUILT_PRODUCTS_DIR; };
		92E5E7B559AA6E410CB8921A /* Pods-HelloRxswift3.debug.xcconfig */ = {isa = PBXFileReference; includeInIndex = 1; lastKnownFileType = text.xcconfig; name = "Pods-HelloRxswift3.debug.xcconfig"; path = "Target Support Files/Pods-HelloRxswift3/Pods-HelloRxswift3.debug.xcconfig"; sourceTree = "<group>"; };
		F06319FA27EF83F700F27FBD /* HelloRxswift3.app */ = {isa = PBXFileReference; explicitFileType = wrapper.application; includeInIndex = 0; path = HelloRxswift3.app; sourceTree = BUILT_PRODUCTS_DIR; };
		F06319FD27EF83F700F27FBD /* AppDelegate.swift */ = {isa = PBXFileReference; lastKnownFileType = sourcecode.swift; path = AppDelegate.swift; sourceTree = "<group>"; };
		F06319FF27EF83F700F27FBD /* SceneDelegate.swift */ = {isa = PBXFileReference; lastKnownFileType = sourcecode.swift; path = SceneDelegate.swift; sourceTree = "<group>"; };
		F0631A0427EF83F700F27FBD /* Base */ = {isa = PBXFileReference; lastKnownFileType = file.storyboard; name = Base; path = Base.lproj/Main.storyboard; sourceTree = "<group>"; };
		F0631A0627EF83F900F27FBD /* Assets.xcassets */ = {isa = PBXFileReference; lastKnownFileType = folder.assetcatalog; path = Assets.xcassets; sourceTree = "<group>"; };
		F0631A0927EF83F900F27FBD /* Base */ = {isa = PBXFileReference; lastKnownFileType = file.storyboard; name = Base; path = Base.lproj/LaunchScreen.storyboard; sourceTree = "<group>"; };
		F0631A0B27EF83F900F27FBD /* Info.plist */ = {isa = PBXFileReference; lastKnownFileType = text.plist.xml; path = Info.plist; sourceTree = "<group>"; };
		F0631A1127EF8D0900F27FBD /* NewsTableViewController.swift */ = {isa = PBXFileReference; lastKnownFileType = sourcecode.swift; path = NewsTableViewController.swift; sourceTree = "<group>"; };
		F0631A1427EF953900F27FBD /* Article.swift */ = {isa = PBXFileReference; lastKnownFileType = sourcecode.swift; path = Article.swift; sourceTree = "<group>"; };
		F0631A1627F01B8400F27FBD /* ArticleTVC.swift */ = {isa = PBXFileReference; lastKnownFileType = sourcecode.swift; path = ArticleTVC.swift; sourceTree = "<group>"; };
		F0631A1827F0231D00F27FBD /* URLRequest+Extention.swift */ = {isa = PBXFileReference; lastKnownFileType = sourcecode.swift; path = "URLRequest+Extention.swift"; sourceTree = "<group>"; };
/* End PBXFileReference section */

/* Begin PBXFrameworksBuildPhase section */
		F06319F727EF83F700F27FBD /* Frameworks */ = {
			isa = PBXFrameworksBuildPhase;
			buildActionMask = 2147483647;
			files = (
				24104FE677D91F95163D9AD0 /* Pods_HelloRxswift3.framework in Frameworks */,
			);
			runOnlyForDeploymentPostprocessing = 0;
		};
/* End PBXFrameworksBuildPhase section */

/* Begin PBXGroup section */
		89793BB3C1D21A6A7B546CCF /* Pods */ = {
			isa = PBXGroup;
			children = (
				92E5E7B559AA6E410CB8921A /* Pods-HelloRxswift3.debug.xcconfig */,
				8AB4CAA630781A29891F7AD7 /* Pods-HelloRxswift3.release.xcconfig */,
			);
			path = Pods;
			sourceTree = "<group>";
		};
		E870DCDD5463A90DB2C362D5 /* Frameworks */ = {
			isa = PBXGroup;
			children = (
				90BDDFFBB700EC5448D51F5C /* Pods_HelloRxswift3.framework */,
			);
			name = Frameworks;
			sourceTree = "<group>";
		};
		F06319F127EF83F600F27FBD = {
			isa = PBXGroup;
			children = (
				F06319FC27EF83F700F27FBD /* HelloRxswift3 */,
				F06319FB27EF83F700F27FBD /* Products */,
				89793BB3C1D21A6A7B546CCF /* Pods */,
				E870DCDD5463A90DB2C362D5 /* Frameworks */,
			);
			sourceTree = "<group>";
		};
		F06319FB27EF83F700F27FBD /* Products */ = {
			isa = PBXGroup;
			children = (
				F06319FA27EF83F700F27FBD /* HelloRxswift3.app */,
			);
			name = Products;
			sourceTree = "<group>";
		};
		F06319FC27EF83F700F27FBD /* HelloRxswift3 */ = {
			isa = PBXGroup;
			children = (
				F0631A1327EF952B00F27FBD /* Models */,
				F06319FD27EF83F700F27FBD /* AppDelegate.swift */,
				F06319FF27EF83F700F27FBD /* SceneDelegate.swift */,
				F0631A0327EF83F700F27FBD /* Main.storyboard */,
				F0631A0627EF83F900F27FBD /* Assets.xcassets */,
				F0631A0827EF83F900F27FBD /* LaunchScreen.storyboard */,
				F0631A0B27EF83F900F27FBD /* Info.plist */,
				F0631A1127EF8D0900F27FBD /* NewsTableViewController.swift */,
				F0631A1627F01B8400F27FBD /* ArticleTVC.swift */,
				F0631A1827F0231D00F27FBD /* URLRequest+Extention.swift */,
			);
			path = HelloRxswift3;
			sourceTree = "<group>";
		};
		F0631A1327EF952B00F27FBD /* Models */ = {
			isa = PBXGroup;
			children = (
				F0631A1427EF953900F27FBD /* Article.swift */,
			);
			path = Models;
			sourceTree = "<group>";
		};
/* End PBXGroup section */

/* Begin PBXNativeTarget section */
		F06319F927EF83F700F27FBD /* HelloRxswift3 */ = {
			isa = PBXNativeTarget;
			buildConfigurationList = F0631A0E27EF83F900F27FBD /* Build configuration list for PBXNativeTarget "HelloRxswift3" */;
			buildPhases = (
				1102160DFFF14D43C6E564FA /* [CP] Check Pods Manifest.lock */,
				F06319F627EF83F700F27FBD /* Sources */,
				F06319F727EF83F700F27FBD /* Frameworks */,
				F06319F827EF83F700F27FBD /* Resources */,
				5BA776FF40DA8509FC70E5AE /* [CP] Embed Pods Frameworks */,
			);
			buildRules = (
			);
			dependencies = (
			);
			name = HelloRxswift3;
			productName = HelloRxswift3;
			productReference = F06319FA27EF83F700F27FBD /* HelloRxswift3.app */;
			productType = "com.apple.product-type.application";
		};
/* End PBXNativeTarget section */

/* Begin PBXProject section */
		F06319F227EF83F600F27FBD /* Project object */ = {
			isa = PBXProject;
			attributes = {
				BuildIndependentTargetsInParallel = 1;
				LastSwiftUpdateCheck = 1330;
				LastUpgradeCheck = 1330;
				TargetAttributes = {
					F06319F927EF83F700F27FBD = {
						CreatedOnToolsVersion = 13.3;
					};
				};
			};
			buildConfigurationList = F06319F527EF83F600F27FBD /* Build configuration list for PBXProject "HelloRxswift3" */;
			compatibilityVersion = "Xcode 13.0";
			developmentRegion = en;
			hasScannedForEncodings = 0;
			knownRegions = (
				en,
				Base,
			);
			mainGroup = F06319F127EF83F600F27FBD;
			productRefGroup = F06319FB27EF83F700F27FBD /* Products */;
			projectDirPath = "";
			projectRoot = "";
			targets = (
				F06319F927EF83F700F27FBD /* HelloRxswift3 */,
			);
		};
/* End PBXProject section */

/* Begin PBXResourcesBuildPhase section */
		F06319F827EF83F700F27FBD /* Resources */ = {
			isa = PBXResourcesBuildPhase;
			buildActionMask = 2147483647;
			files = (
				F0631A0A27EF83F900F27FBD /* LaunchScreen.storyboard in Resources */,
				F0631A0727EF83F900F27FBD /* Assets.xcassets in Resources */,
				F0631A0527EF83F700F27FBD /* Main.storyboard in Resources */,
			);
			runOnlyForDeploymentPostprocessing = 0;
		};
/* End PBXResourcesBuildPhase section */

/* Begin PBXShellScriptBuildPhase section */
		1102160DFFF14D43C6E564FA /* [CP] Check Pods Manifest.lock */ = {
			isa = PBXShellScriptBuildPhase;
			buildActionMask = 2147483647;
			files = (
			);
			inputFileListPaths = (
			);
			inputPaths = (
				"${PODS_PODFILE_DIR_PATH}/Podfile.lock",
				"${PODS_ROOT}/Manifest.lock",
			);
			name = "[CP] Check Pods Manifest.lock";
			outputFileListPaths = (
			);
			outputPaths = (
				"$(DERIVED_FILE_DIR)/Pods-HelloRxswift3-checkManifestLockResult.txt",
			);
			runOnlyForDeploymentPostprocessing = 0;
			shellPath = /bin/sh;
			shellScript = "diff \"${PODS_PODFILE_DIR_PATH}/Podfile.lock\" \"${PODS_ROOT}/Manifest.lock\" > /dev/null\nif [ $? != 0 ] ; then\n    # print error to STDERR\n    echo \"error: The sandbox is not in sync with the Podfile.lock. Run 'pod install' or update your CocoaPods installation.\" >&2\n    exit 1\nfi\n# This output is used by Xcode 'outputs' to avoid re-running this script phase.\necho \"SUCCESS\" > \"${SCRIPT_OUTPUT_FILE_0}\"\n";
			showEnvVarsInLog = 0;
		};
		5BA776FF40DA8509FC70E5AE /* [CP] Embed Pods Frameworks */ = {
			isa = PBXShellScriptBuildPhase;
			buildActionMask = 2147483647;
			files = (
			);
			inputFileListPaths = (
				"${PODS_ROOT}/Target Support Files/Pods-HelloRxswift3/Pods-HelloRxswift3-frameworks-${CONFIGURATION}-input-files.xcfilelist",
			);
			name = "[CP] Embed Pods Frameworks";
			outputFileListPaths = (
				"${PODS_ROOT}/Target Support Files/Pods-HelloRxswift3/Pods-HelloRxswift3-frameworks-${CONFIGURATION}-output-files.xcfilelist",
			);
			runOnlyForDeploymentPostprocessing = 0;
			shellPath = /bin/sh;
			shellScript = "\"${PODS_ROOT}/Target Support Files/Pods-HelloRxswift3/Pods-HelloRxswift3-frameworks.sh\"\n";
			showEnvVarsInLog = 0;
		};
/* End PBXShellScriptBuildPhase section */

/* Begin PBXSourcesBuildPhase section */
		F06319F627EF83F700F27FBD /* Sources */ = {
			isa = PBXSourcesBuildPhase;
			buildActionMask = 2147483647;
			files = (
				F0631A1727F01B8400F27FBD /* ArticleTVC.swift in Sources */,
				F0631A1527EF953900F27FBD /* Article.swift in Sources */,
				F06319FE27EF83F700F27FBD /* AppDelegate.swift in Sources */,
				F0631A0027EF83F700F27FBD /* SceneDelegate.swift in Sources */,
				F0631A1927F0231D00F27FBD /* URLRequest+Extention.swift in Sources */,
				F0631A1227EF8D0900F27FBD /* NewsTableViewController.swift in Sources */,
			);
			runOnlyForDeploymentPostprocessing = 0;
		};
/* End PBXSourcesBuildPhase section */

/* Begin PBXVariantGroup section */
		F0631A0327EF83F700F27FBD /* Main.storyboard */ = {
			isa = PBXVariantGroup;
			children = (
				F0631A0427EF83F700F27FBD /* Base */,
			);
			name = Main.storyboard;
			sourceTree = "<group>";
		};
		F0631A0827EF83F900F27FBD /* LaunchScreen.storyboard */ = {
			isa = PBXVariantGroup;
			children = (
				F0631A0927EF83F900F27FBD /* Base */,
			);
			name = LaunchScreen.storyboard;
			sourceTree = "<group>";
		};
/* End PBXVariantGroup section */

/* Begin XCBuildConfiguration section */
		F0631A0C27EF83F900F27FBD /* Debug */ = {
			isa = XCBuildConfiguration;
			buildSettings = {
				ALWAYS_SEARCH_USER_PATHS = NO;
				CLANG_ANALYZER_NONNULL = YES;
				CLANG_ANALYZER_NUMBER_OBJECT_CONVERSION = YES_AGGRESSIVE;
				CLANG_CXX_LANGUAGE_STANDARD = "gnu++17";
				CLANG_ENABLE_MODULES = YES;
				CLANG_ENABLE_OBJC_ARC = YES;
				CLANG_ENABLE_OBJC_WEAK = YES;
				CLANG_WARN_BLOCK_CAPTURE_AUTORELEASING = YES;
				CLANG_WARN_BOOL_CONVERSION = YES;
				CLANG_WARN_COMMA = YES;
				CLANG_WARN_CONSTANT_CONVERSION = YES;
				CLANG_WARN_DEPRECATED_OBJC_IMPLEMENTATIONS = YES;
				CLANG_WARN_DIRECT_OBJC_ISA_USAGE = YES_ERROR;
				CLANG_WARN_DOCUMENTATION_COMMENTS = YES;
				CLANG_WARN_EMPTY_BODY = YES;
				CLANG_WARN_ENUM_CONVERSION = YES;
				CLANG_WARN_INFINITE_RECURSION = YES;
				CLANG_WARN_INT_CONVERSION = YES;
				CLANG_WARN_NON_LITERAL_NULL_CONVERSION = YES;
				CLANG_WARN_OBJC_IMPLICIT_RETAIN_SELF = YES;
				CLANG_WARN_OBJC_LITERAL_CONVERSION = YES;
				CLANG_WARN_OBJC_ROOT_CLASS = YES_ERROR;
				CLANG_WARN_QUOTED_INCLUDE_IN_FRAMEWORK_HEADER = YES;
				CLANG_WARN_RANGE_LOOP_ANALYSIS = YES;
				CLANG_WARN_STRICT_PROTOTYPES = YES;
				CLANG_WARN_SUSPICIOUS_MOVE = YES;
				CLANG_WARN_UNGUARDED_AVAILABILITY = YES_AGGRESSIVE;
				CLANG_WARN_UNREACHABLE_CODE = YES;
				CLANG_WARN__DUPLICATE_METHOD_MATCH = YES;
				COPY_PHASE_STRIP = NO;
				DEBUG_INFORMATION_FORMAT = dwarf;
				ENABLE_STRICT_OBJC_MSGSEND = YES;
				ENABLE_TESTABILITY = YES;
				GCC_C_LANGUAGE_STANDARD = gnu11;
				GCC_DYNAMIC_NO_PIC = NO;
				GCC_NO_COMMON_BLOCKS = YES;
				GCC_OPTIMIZATION_LEVEL = 0;
				GCC_PREPROCESSOR_DEFINITIONS = (
					"DEBUG=1",
					"$(inherited)",
				);
				GCC_WARN_64_TO_32_BIT_CONVERSION = YES;
				GCC_WARN_ABOUT_RETURN_TYPE = YES_ERROR;
				GCC_WARN_UNDECLARED_SELECTOR = YES;
				GCC_WARN_UNINITIALIZED_AUTOS = YES_AGGRESSIVE;
				GCC_WARN_UNUSED_FUNCTION = YES;
				GCC_WARN_UNUSED_VARIABLE = YES;
				IPHONEOS_DEPLOYMENT_TARGET = 15.4;
				MTL_ENABLE_DEBUG_INFO = INCLUDE_SOURCE;
				MTL_FAST_MATH = YES;
				ONLY_ACTIVE_ARCH = YES;
				SDKROOT = iphoneos;
				SWIFT_ACTIVE_COMPILATION_CONDITIONS = DEBUG;
				SWIFT_OPTIMIZATION_LEVEL = "-Onone";
			};
			name = Debug;
		};
		F0631A0D27EF83F900F27FBD /* Release */ = {
			isa = XCBuildConfiguration;
			buildSettings = {
				ALWAYS_SEARCH_USER_PATHS = NO;
				CLANG_ANALYZER_NONNULL = YES;
				CLANG_ANALYZER_NUMBER_OBJECT_CONVERSION = YES_AGGRESSIVE;
				CLANG_CXX_LANGUAGE_STANDARD = "gnu++17";
				CLANG_ENABLE_MODULES = YES;
				CLANG_ENABLE_OBJC_ARC = YES;
				CLANG_ENABLE_OBJC_WEAK = YES;
				CLANG_WARN_BLOCK_CAPTURE_AUTORELEASING = YES;
				CLANG_WARN_BOOL_CONVERSION = YES;
				CLANG_WARN_COMMA = YES;
				CLANG_WARN_CONSTANT_CONVERSION = YES;
				CLANG_WARN_DEPRECATED_OBJC_IMPLEMENTATIONS = YES;
				CLANG_WARN_DIRECT_OBJC_ISA_USAGE = YES_ERROR;
				CLANG_WARN_DOCUMENTATION_COMMENTS = YES;
				CLANG_WARN_EMPTY_BODY = YES;
				CLANG_WARN_ENUM_CONVERSION = YES;
				CLANG_WARN_INFINITE_RECURSION = YES;
				CLANG_WARN_INT_CONVERSION = YES;
				CLANG_WARN_NON_LITERAL_NULL_CONVERSION = YES;
				CLANG_WARN_OBJC_IMPLICIT_RETAIN_SELF = YES;
				CLANG_WARN_OBJC_LITERAL_CONVERSION = YES;
				CLANG_WARN_OBJC_ROOT_CLASS = YES_ERROR;
				CLANG_WARN_QUOTED_INCLUDE_IN_FRAMEWORK_HEADER = YES;
				CLANG_WARN_RANGE_LOOP_ANALYSIS = YES;
				CLANG_WARN_STRICT_PROTOTYPES = YES;
				CLANG_WARN_SUSPICIOUS_MOVE = YES;
				CLANG_WARN_UNGUARDED_AVAILABILITY = YES_AGGRESSIVE;
				CLANG_WARN_UNREACHABLE_CODE = YES;
				CLANG_WARN__DUPLICATE_METHOD_MATCH = YES;
				COPY_PHASE_STRIP = NO;
				DEBUG_INFORMATION_FORMAT = "dwarf-with-dsym";
				ENABLE_NS_ASSERTIONS = NO;
				ENABLE_STRICT_OBJC_MSGSEND = YES;
				GCC_C_LANGUAGE_STANDARD = gnu11;
				GCC_NO_COMMON_BLOCKS = YES;
				GCC_WARN_64_TO_32_BIT_CONVERSION = YES;
				GCC_WARN_ABOUT_RETURN_TYPE = YES_ERROR;
				GCC_WARN_UNDECLARED_SELECTOR = YES;
				GCC_WARN_UNINITIALIZED_AUTOS = YES_AGGRESSIVE;
				GCC_WARN_UNUSED_FUNCTION = YES;
				GCC_WARN_UNUSED_VARIABLE = YES;
				IPHONEOS_DEPLOYMENT_TARGET = 15.4;
				MTL_ENABLE_DEBUG_INFO = NO;
				MTL_FAST_MATH = YES;
				SDKROOT = iphoneos;
				SWIFT_COMPILATION_MODE = wholemodule;
				SWIFT_OPTIMIZATION_LEVEL = "-O";
				VALIDATE_PRODUCT = YES;
			};
			name = Release;
		};
		F0631A0F27EF83F900F27FBD /* Debug */ = {
			isa = XCBuildConfiguration;
			baseConfigurationReference = 92E5E7B559AA6E410CB8921A /* Pods-HelloRxswift3.debug.xcconfig */;
			buildSettings = {
				ASSETCATALOG_COMPILER_APPICON_NAME = AppIcon;
				ASSETCATALOG_COMPILER_GLOBAL_ACCENT_COLOR_NAME = AccentColor;
				CODE_SIGN_STYLE = Automatic;
				CURRENT_PROJECT_VERSION = 1;
				DEVELOPMENT_TEAM = ACU8AXMR55;
				GENERATE_INFOPLIST_FILE = YES;
				INFOPLIST_FILE = HelloRxswift3/Info.plist;
				INFOPLIST_KEY_UIApplicationSupportsIndirectInputEvents = YES;
				INFOPLIST_KEY_UILaunchStoryboardName = LaunchScreen;
				INFOPLIST_KEY_UIMainStoryboardFile = Main;
				INFOPLIST_KEY_UISupportedInterfaceOrientations_iPad = "UIInterfaceOrientationPortrait UIInterfaceOrientationPortraitUpsideDown UIInterfaceOrientationLandscapeLeft UIInterfaceOrientationLandscapeRight";
				INFOPLIST_KEY_UISupportedInterfaceOrientations_iPhone = "UIInterfaceOrientationPortrait UIInterfaceOrientationLandscapeLeft UIInterfaceOrientationLandscapeRight";
				LD_RUNPATH_SEARCH_PATHS = (
					"$(inherited)",
					"@executable_path/Frameworks",
				);
				MARKETING_VERSION = 1.0;
				PRODUCT_BUNDLE_IDENTIFIER = com.dooly.ios.HelloRxswift3;
				PRODUCT_NAME = "$(TARGET_NAME)";
				SWIFT_EMIT_LOC_STRINGS = YES;
				SWIFT_VERSION = 5.0;
				TARGETED_DEVICE_FAMILY = "1,2";
			};
			name = Debug;
		};
		F0631A1027EF83F900F27FBD /* Release */ = {
			isa = XCBuildConfiguration;
			baseConfigurationReference = 8AB4CAA630781A29891F7AD7 /* Pods-HelloRxswift3.release.xcconfig */;
			buildSettings = {
				ASSETCATALOG_COMPILER_APPICON_NAME = AppIcon;
				ASSETCATALOG_COMPILER_GLOBAL_ACCENT_COLOR_NAME = AccentColor;
				CODE_SIGN_STYLE = Automatic;
				CURRENT_PROJECT_VERSION = 1;
				DEVELOPMENT_TEAM = ACU8AXMR55;
				GENERATE_INFOPLIST_FILE = YES;
				INFOPLIST_FILE = HelloRxswift3/Info.plist;
				INFOPLIST_KEY_UIApplicationSupportsIndirectInputEvents = YES;
				INFOPLIST_KEY_UILaunchStoryboardName = LaunchScreen;
				INFOPLIST_KEY_UIMainStoryboardFile = Main;
				INFOPLIST_KEY_UISupportedInterfaceOrientations_iPad = "UIInterfaceOrientationPortrait UIInterfaceOrientationPortraitUpsideDown UIInterfaceOrientationLandscapeLeft UIInterfaceOrientationLandscapeRight";
				INFOPLIST_KEY_UISupportedInterfaceOrientations_iPhone = "UIInterfaceOrientationPortrait UIInterfaceOrientationLandscapeLeft UIInterfaceOrientationLandscapeRight";
				LD_RUNPATH_SEARCH_PATHS = (
					"$(inherited)",
					"@executable_path/Frameworks",
				);
				MARKETING_VERSION = 1.0;
				PRODUCT_BUNDLE_IDENTIFIER = com.dooly.ios.HelloRxswift3;
				PRODUCT_NAME = "$(TARGET_NAME)";
				SWIFT_EMIT_LOC_STRINGS = YES;
				SWIFT_VERSION = 5.0;
				TARGETED_DEVICE_FAMILY = "1,2";
			};
			name = Release;
		};
/* End XCBuildConfiguration section */

/* Begin XCConfigurationList section */
		F06319F527EF83F600F27FBD /* Build configuration list for PBXProject "HelloRxswift3" */ = {
			isa = XCConfigurationList;
			buildConfigurations = (
				F0631A0C27EF83F900F27FBD /* Debug */,
				F0631A0D27EF83F900F27FBD /* Release */,
			);
			defaultConfigurationIsVisible = 0;
			defaultConfigurationName = Release;
		};
		F0631A0E27EF83F900F27FBD /* Build configuration list for PBXNativeTarget "HelloRxswift3" */ = {
			isa = XCConfigurationList;
			buildConfigurations = (
				F0631A0F27EF83F900F27FBD /* Debug */,
				F0631A1027EF83F900F27FBD /* Release */,
			);
			defaultConfigurationIsVisible = 0;
			defaultConfigurationName = Release;
		};
/* End XCConfigurationList section */
	};
	rootObject = F06319F227EF83F600F27FBD /* Project object */;
}
